
Microsoft Visual Studio Solution File, Format Version 12.00
# Visual Studio Version 17
VisualStudioVersion = 17.3.32519.111
MinimumVisualStudioVersion = 10.0.40219.1
Project("{FAE04EC0-301F-11D3-BF4B-00C04F79EFBC}") = "Proyect1", "Proyect1\Proyect1.csproj", "{7B933815-D3B1-46C0-8BC1-09F89E98CF07}"
EndProject
Global
	GlobalSection(SolutionConfigurationPlatforms) = preSolution
		Debug|Any CPU = Debug|Any CPU
		Release|Any CPU = Release|Any CPU
	EndGlobalSection
	GlobalSection(ProjectConfigurationPlatforms) = postSolution
		{7B933815-D3B1-46C0-8BC1-09F89E98CF07}.Debug|Any CPU.ActiveCfg = Debug|Any CPU
		{7B933815-D3B1-46C0-8BC1-09F89E98CF07}.Debug|Any CPU.Build.0 = Debug|Any CPU
		{7B933815-D3B1-46C0-8BC1-09F89E98CF07}.Release|Any CPU.ActiveCfg = Release|Any CPU
		{7B933815-D3B1-46C0-8BC1-09F89E98CF07}.Release|Any CPU.Build.0 = Release|Any CPU
	EndGlobalSection
	GlobalSection(SolutionProperties) = preSolution
		HideSolutionNode = FALSE
	EndGlobalSection
	GlobalSection(ExtensibilityGlobals) = postSolution
		SolutionGuid = {46FAB367-1A9A-456E-A3B1-76026F13F3F4}
	EndGlobalSection
EndGlobal
