
Microsoft Visual Studio Solution File, Format Version 12.00
# Visual Studio Version 17
VisualStudioVersion = 17.3.32519.111
MinimumVisualStudioVersion = 10.0.40219.1
Project("{9A19103F-16F7-4668-BE54-9A1E7A4F7556}") = "Proyect1", "Proyect1\Proyect1.csproj", "{7B933815-D3B1-46C0-8BC1-09F89E98CF07}"
EndProject
Project("{9A19103F-16F7-4668-BE54-9A1E7A4F7556}") = "TestProject", "TestProject\TestProject.csproj", "{1F170C30-B4B7-4441-B8A8-D6428EDDAAD7}"
EndProject
Global
	GlobalSection(SolutionConfigurationPlatforms) = preSolution
		Debug|Any CPU = Debug|Any CPU
		Release|Any CPU = Release|Any CPU
	EndGlobalSection
	GlobalSection(ProjectConfigurationPlatforms) = postSolution
		{7B933815-D3B1-46C0-8BC1-09F89E98CF07}.Debug|Any CPU.ActiveCfg = Debug|Any CPU
		{7B933815-D3B1-46C0-8BC1-09F89E98CF07}.Debug|Any CPU.Build.0 = Debug|Any CPU
		{7B933815-D3B1-46C0-8BC1-09F89E98CF07}.Release|Any CPU.ActiveCfg = Release|Any CPU
		{7B933815-D3B1-46C0-8BC1-09F89E98CF07}.Release|Any CPU.Build.0 = Release|Any CPU
		{1F170C30-B4B7-4441-B8A8-D6428EDDAAD7}.Debug|Any CPU.ActiveCfg = Debug|Any CPU
		{1F170C30-B4B7-4441-B8A8-D6428EDDAAD7}.Debug|Any CPU.Build.0 = Debug|Any CPU
		{1F170C30-B4B7-4441-B8A8-D6428EDDAAD7}.Release|Any CPU.ActiveCfg = Release|Any CPU
		{1F170C30-B4B7-4441-B8A8-D6428EDDAAD7}.Release|Any CPU.Build.0 = Release|Any CPU
	EndGlobalSection
	GlobalSection(SolutionProperties) = preSolution
		HideSolutionNode = FALSE
	EndGlobalSection
	GlobalSection(ExtensibilityGlobals) = postSolution
		SolutionGuid = {46FAB367-1A9A-456E-A3B1-76026F13F3F4}
	EndGlobalSection
EndGlobal
